
Microsoft Visual Studio Solution File, Format Version 12.00
# Visual Studio Version 17
VisualStudioVersion = 17.7.34031.279
MinimumVisualStudioVersion = 10.0.40219.1
Project("{9A19103F-16F7-4668-BE54-9A1E7A4F7556}") = "MarkLogicClient", "MarkLogicClient\MarkLogicClient.csproj", "{B3D137E1-B1A0-464F-B8E6-C54CF3F7785D}"
EndProject
Project("{9A19103F-16F7-4668-BE54-9A1E7A4F7556}") = "MarkLogicConsole", "MarkLogicConsole\MarkLogicConsole.csproj", "{EC84308F-740C-44B3-8C17-A6330133A5F5}"
EndProject
Global
	GlobalSection(SolutionConfigurationPlatforms) = preSolution
		Debug|Any CPU = Debug|Any CPU
		Release|Any CPU = Release|Any CPU
	EndGlobalSection
	GlobalSection(ProjectConfigurationPlatforms) = postSolution
		{B3D137E1-B1A0-464F-B8E6-C54CF3F7785D}.Debug|Any CPU.ActiveCfg = Debug|Any CPU
		{B3D137E1-B1A0-464F-B8E6-C54CF3F7785D}.Debug|Any CPU.Build.0 = Debug|Any CPU
		{B3D137E1-B1A0-464F-B8E6-C54CF3F7785D}.Release|Any CPU.ActiveCfg = Release|Any CPU
		{B3D137E1-B1A0-464F-B8E6-C54CF3F7785D}.Release|Any CPU.Build.0 = Release|Any CPU
		{EC84308F-740C-44B3-8C17-A6330133A5F5}.Debug|Any CPU.ActiveCfg = Debug|Any CPU
		{EC84308F-740C-44B3-8C17-A6330133A5F5}.Debug|Any CPU.Build.0 = Debug|Any CPU
		{EC84308F-740C-44B3-8C17-A6330133A5F5}.Release|Any CPU.ActiveCfg = Release|Any CPU
		{EC84308F-740C-44B3-8C17-A6330133A5F5}.Release|Any CPU.Build.0 = Release|Any CPU
	EndGlobalSection
	GlobalSection(SolutionProperties) = preSolution
		HideSolutionNode = FALSE
	EndGlobalSection
	GlobalSection(ExtensibilityGlobals) = postSolution
		SolutionGuid = {2DBD34F4-78A5-422C-A5C6-1234B186B6A2}
	EndGlobalSection
EndGlobal
